
Microsoft Visual Studio Solution File, Format Version 12.00
# Visual Studio Version 17
VisualStudioVersion = 17.7.34031.279
MinimumVisualStudioVersion = 10.0.40219.1
Project("{FAE04EC0-301F-11D3-BF4B-00C04F79EFBC}") = "GestorExcelABasedeDatos", "GestorExcelABasedeDatos\GestorExcelABasedeDatos.csproj", "{C55CA3EB-A9F8-4234-A871-123635861406}"
EndProject
Global
	GlobalSection(SolutionConfigurationPlatforms) = preSolution
		Debug|Any CPU = Debug|Any CPU
		Release|Any CPU = Release|Any CPU
	EndGlobalSection
	GlobalSection(ProjectConfigurationPlatforms) = postSolution
		{C55CA3EB-A9F8-4234-A871-123635861406}.Debug|Any CPU.ActiveCfg = Debug|Any CPU
		{C55CA3EB-A9F8-4234-A871-123635861406}.Debug|Any CPU.Build.0 = Debug|Any CPU
		{C55CA3EB-A9F8-4234-A871-123635861406}.Release|Any CPU.ActiveCfg = Release|Any CPU
		{C55CA3EB-A9F8-4234-A871-123635861406}.Release|Any CPU.Build.0 = Release|Any CPU
	EndGlobalSection
	GlobalSection(SolutionProperties) = preSolution
		HideSolutionNode = FALSE
	EndGlobalSection
	GlobalSection(ExtensibilityGlobals) = postSolution
		SolutionGuid = {4167DCDD-C5CB-4E8E-92EA-D32C3FC4CD48}
	EndGlobalSection
EndGlobal
